
Microsoft Visual Studio Solution File, Format Version 12.00
# Visual Studio 15
VisualStudioVersion = 15.0.27004.2005
MinimumVisualStudioVersion = 10.0.40219.1
Project("{262852C6-CD72-467D-83FE-5EEB1973A190}") = "DVMobileApp", "DVMobileApp\DVMobileApp.jsproj", "{33E680E3-8392-45EC-A674-BF2A38152914}"
EndProject
Global
	GlobalSection(SolutionConfigurationPlatforms) = preSolution
		Debug|Android = Debug|Android
		Debug|iOS = Debug|iOS
		Debug|Windows-AnyCPU = Debug|Windows-AnyCPU
		Debug|Windows-ARM = Debug|Windows-ARM
		Debug|Windows-x64 = Debug|Windows-x64
		Debug|Windows-x86 = Debug|Windows-x86
		Release|Android = Release|Android
		Release|iOS = Release|iOS
		Release|Windows-AnyCPU = Release|Windows-AnyCPU
		Release|Windows-ARM = Release|Windows-ARM
		Release|Windows-x64 = Release|Windows-x64
		Release|Windows-x86 = Release|Windows-x86
	EndGlobalSection
	GlobalSection(ProjectConfigurationPlatforms) = postSolution
		{33E680E3-8392-45EC-A674-BF2A38152914}.Debug|Android.ActiveCfg = Debug|Android
		{33E680E3-8392-45EC-A674-BF2A38152914}.Debug|Android.Build.0 = Debug|Android
		{33E680E3-8392-45EC-A674-BF2A38152914}.Debug|Android.Deploy.0 = Debug|Android
		{33E680E3-8392-45EC-A674-BF2A38152914}.Debug|iOS.ActiveCfg = Debug|iOS
		{33E680E3-8392-45EC-A674-BF2A38152914}.Debug|iOS.Build.0 = Debug|iOS
		{33E680E3-8392-45EC-A674-BF2A38152914}.Debug|iOS.Deploy.0 = Debug|iOS
		{33E680E3-8392-45EC-A674-BF2A38152914}.Debug|Windows-AnyCPU.ActiveCfg = Debug|Windows-AnyCPU
		{33E680E3-8392-45EC-A674-BF2A38152914}.Debug|Windows-AnyCPU.Build.0 = Debug|Windows-AnyCPU
		{33E680E3-8392-45EC-A674-BF2A38152914}.Debug|Windows-AnyCPU.Deploy.0 = Debug|Windows-AnyCPU
		{33E680E3-8392-45EC-A674-BF2A38152914}.Debug|Windows-ARM.ActiveCfg = Debug|Windows-ARM
		{33E680E3-8392-45EC-A674-BF2A38152914}.Debug|Windows-ARM.Build.0 = Debug|Windows-ARM
		{33E680E3-8392-45EC-A674-BF2A38152914}.Debug|Windows-ARM.Deploy.0 = Debug|Windows-ARM
		{33E680E3-8392-45EC-A674-BF2A38152914}.Debug|Windows-x64.ActiveCfg = Debug|Windows-x64
		{33E680E3-8392-45EC-A674-BF2A38152914}.Debug|Windows-x64.Build.0 = Debug|Windows-x64
		{33E680E3-8392-45EC-A674-BF2A38152914}.Debug|Windows-x64.Deploy.0 = Debug|Windows-x64
		{33E680E3-8392-45EC-A674-BF2A38152914}.Debug|Windows-x86.ActiveCfg = Debug|Windows-x86
		{33E680E3-8392-45EC-A674-BF2A38152914}.Debug|Windows-x86.Build.0 = Debug|Windows-x86
		{33E680E3-8392-45EC-A674-BF2A38152914}.Debug|Windows-x86.Deploy.0 = Debug|Windows-x86
		{33E680E3-8392-45EC-A674-BF2A38152914}.Release|Android.ActiveCfg = Release|Android
		{33E680E3-8392-45EC-A674-BF2A38152914}.Release|Android.Build.0 = Release|Android
		{33E680E3-8392-45EC-A674-BF2A38152914}.Release|Android.Deploy.0 = Release|Android
		{33E680E3-8392-45EC-A674-BF2A38152914}.Release|iOS.ActiveCfg = Release|iOS
		{33E680E3-8392-45EC-A674-BF2A38152914}.Release|iOS.Build.0 = Release|iOS
		{33E680E3-8392-45EC-A674-BF2A38152914}.Release|iOS.Deploy.0 = Release|iOS
		{33E680E3-8392-45EC-A674-BF2A38152914}.Release|Windows-AnyCPU.ActiveCfg = Release|Windows-AnyCPU
		{33E680E3-8392-45EC-A674-BF2A38152914}.Release|Windows-AnyCPU.Build.0 = Release|Windows-AnyCPU
		{33E680E3-8392-45EC-A674-BF2A38152914}.Release|Windows-AnyCPU.Deploy.0 = Release|Windows-AnyCPU
		{33E680E3-8392-45EC-A674-BF2A38152914}.Release|Windows-ARM.ActiveCfg = Release|Windows-ARM
		{33E680E3-8392-45EC-A674-BF2A38152914}.Release|Windows-ARM.Build.0 = Release|Windows-ARM
		{33E680E3-8392-45EC-A674-BF2A38152914}.Release|Windows-ARM.Deploy.0 = Release|Windows-ARM
		{33E680E3-8392-45EC-A674-BF2A38152914}.Release|Windows-x64.ActiveCfg = Release|Windows-x64
		{33E680E3-8392-45EC-A674-BF2A38152914}.Release|Windows-x64.Build.0 = Release|Windows-x64
		{33E680E3-8392-45EC-A674-BF2A38152914}.Release|Windows-x64.Deploy.0 = Release|Windows-x64
		{33E680E3-8392-45EC-A674-BF2A38152914}.Release|Windows-x86.ActiveCfg = Release|Windows-x86
		{33E680E3-8392-45EC-A674-BF2A38152914}.Release|Windows-x86.Build.0 = Release|Windows-x86
		{33E680E3-8392-45EC-A674-BF2A38152914}.Release|Windows-x86.Deploy.0 = Release|Windows-x86
	EndGlobalSection
	GlobalSection(SolutionProperties) = preSolution
		HideSolutionNode = FALSE
	EndGlobalSection
	GlobalSection(ExtensibilityGlobals) = postSolution
		SolutionGuid = {4E788248-5B25-4DC6-9FD4-01217C3083BF}
	EndGlobalSection
EndGlobal
